
Microsoft Visual Studio Solution File, Format Version 12.00
# Visual Studio Version 17
VisualStudioVersion = 17.10.35004.147
MinimumVisualStudioVersion = 10.0.40219.1
Project("{FAE04EC0-301F-11D3-BF4B-00C04F79EFBC}") = "InheritanceAndMethodOverriding", "InheritanceAndMethodOverriding\InheritanceAndMethodOverriding.csproj", "{AA658600-30F3-4080-AEEA-4BDCA9BD85AD}"
EndProject
Global
	GlobalSection(SolutionConfigurationPlatforms) = preSolution
		Debug|Any CPU = Debug|Any CPU
		Release|Any CPU = Release|Any CPU
	EndGlobalSection
	GlobalSection(ProjectConfigurationPlatforms) = postSolution
		{AA658600-30F3-4080-AEEA-4BDCA9BD85AD}.Debug|Any CPU.ActiveCfg = Debug|Any CPU
		{AA658600-30F3-4080-AEEA-4BDCA9BD85AD}.Debug|Any CPU.Build.0 = Debug|Any CPU
		{AA658600-30F3-4080-AEEA-4BDCA9BD85AD}.Release|Any CPU.ActiveCfg = Release|Any CPU
		{AA658600-30F3-4080-AEEA-4BDCA9BD85AD}.Release|Any CPU.Build.0 = Release|Any CPU
	EndGlobalSection
	GlobalSection(SolutionProperties) = preSolution
		HideSolutionNode = FALSE
	EndGlobalSection
	GlobalSection(ExtensibilityGlobals) = postSolution
		SolutionGuid = {5BA409C7-1C08-4B21-B5C8-5C2B4516BB4C}
	EndGlobalSection
EndGlobal
